
Microsoft Visual Studio Solution File, Format Version 12.00
# Visual Studio 15
VisualStudioVersion = 15.0.26730.16
MinimumVisualStudioVersion = 10.0.40219.1
Project("{FAE04EC0-301F-11D3-BF4B-00C04F79EFBC}") = "ConstAndReadonly", "ConstAndReadonly\ConstAndReadonly.csproj", "{C22E64AC-30A7-4DCD-92FA-4262BB8A1522}"
EndProject
Global
	GlobalSection(SolutionConfigurationPlatforms) = preSolution
		Debug|Any CPU = Debug|Any CPU
		Release|Any CPU = Release|Any CPU
	EndGlobalSection
	GlobalSection(ProjectConfigurationPlatforms) = postSolution
		{C22E64AC-30A7-4DCD-92FA-4262BB8A1522}.Debug|Any CPU.ActiveCfg = Debug|Any CPU
		{C22E64AC-30A7-4DCD-92FA-4262BB8A1522}.Debug|Any CPU.Build.0 = Debug|Any CPU
		{C22E64AC-30A7-4DCD-92FA-4262BB8A1522}.Release|Any CPU.ActiveCfg = Release|Any CPU
		{C22E64AC-30A7-4DCD-92FA-4262BB8A1522}.Release|Any CPU.Build.0 = Release|Any CPU
	EndGlobalSection
	GlobalSection(SolutionProperties) = preSolution
		HideSolutionNode = FALSE
	EndGlobalSection
	GlobalSection(ExtensibilityGlobals) = postSolution
		SolutionGuid = {20DDBAAC-C163-4EAF-A0D9-156BABCEF406}
	EndGlobalSection
EndGlobal
